// !$*UTF8*$!
{
	archiveVersion = 1;
	classes = {
	};
	objectVersion = 46;
	objects = {

/* Begin PBXBuildFile section */
		271C2E421B387CF2002E15CD /* AppDelegate.swift in Sources */ = {isa = PBXBuildFile; fileRef = 271C2E411B387CF2002E15CD /* AppDelegate.swift */; };
		271C2E471B387CF2002E15CD /* Main.storyboard in Resources */ = {isa = PBXBuildFile; fileRef = 271C2E451B387CF2002E15CD /* Main.storyboard */; };
		271C2E491B387CF2002E15CD /* Assets.xcassets in Resources */ = {isa = PBXBuildFile; fileRef = 271C2E481B387CF2002E15CD /* Assets.xcassets */; };
		271C2E571B387CF2002E15CD /* FoodlyTests.swift in Sources */ = {isa = PBXBuildFile; fileRef = 271C2E561B387CF2002E15CD /* FoodlyTests.swift */; };
		271C2E621B387CF2002E15CD /* FoodlyUITests.swift in Sources */ = {isa = PBXBuildFile; fileRef = 271C2E611B387CF2002E15CD /* FoodlyUITests.swift */; };
		271C2E701B388EA0002E15CD /* ListViewController.swift in Sources */ = {isa = PBXBuildFile; fileRef = 271C2E6F1B388EA0002E15CD /* ListViewController.swift */; };
		271C2E721B388ECB002E15CD /* RestaurantCell.swift in Sources */ = {isa = PBXBuildFile; fileRef = 271C2E711B388ECB002E15CD /* RestaurantCell.swift */; };
		271C2E741B38A859002E15CD /* RestaurantViewController.swift in Sources */ = {isa = PBXBuildFile; fileRef = 271C2E731B38A859002E15CD /* RestaurantViewController.swift */; };
		272B25DD1B45D29100DA6445 /* Model.xcdatamodeld in Sources */ = {isa = PBXBuildFile; fileRef = 272B25DB1B45D29100DA6445 /* Model.xcdatamodeld */; };
		275DA3431B3EC9D500CEDE00 /* DishCell.swift in Sources */ = {isa = PBXBuildFile; fileRef = 275DA3421B3EC9D500CEDE00 /* DishCell.swift */; };
		27712CDA1B3B4F1E0092CCBE /* FoodlyManager.swift in Sources */ = {isa = PBXBuildFile; fileRef = 27712CD91B3B4F1E0092CCBE /* FoodlyManager.swift */; };
		27723B751B3F170900810723 /* AddRestaurantViewController.swift in Sources */ = {isa = PBXBuildFile; fileRef = 27723B741B3F170900810723 /* AddRestaurantViewController.swift */; };
		27723B771B3F234200810723 /* AddDishViewController.swift in Sources */ = {isa = PBXBuildFile; fileRef = 27723B761B3F234200810723 /* AddDishViewController.swift */; };
		27ACD6DA1B4EE26500645B32 /* Restaurant+CoreDataProperties.swift in Sources */ = {isa = PBXBuildFile; fileRef = 27ACD6D61B4EE26500645B32 /* Restaurant+CoreDataProperties.swift */; };
		27ACD6DB1B4EE26500645B32 /* Restaurant.swift in Sources */ = {isa = PBXBuildFile; fileRef = 27ACD6D71B4EE26500645B32 /* Restaurant.swift */; };
		27ACD6DC1B4EE26500645B32 /* Dish+CoreDataProperties.swift in Sources */ = {isa = PBXBuildFile; fileRef = 27ACD6D81B4EE26500645B32 /* Dish+CoreDataProperties.swift */; };
		27ACD6DD1B4EE26500645B32 /* Dish.swift in Sources */ = {isa = PBXBuildFile; fileRef = 27ACD6D91B4EE26500645B32 /* Dish.swift */; };
		27C376751B45CD9A004F8C6B /* ViewImageViewController.swift in Sources */ = {isa = PBXBuildFile; fileRef = 27C376741B45CD9A004F8C6B /* ViewImageViewController.swift */; };
		27E900281B425EBF003BE505 /* Localizable.strings in Resources */ = {isa = PBXBuildFile; fileRef = 27E9002A1B425EBF003BE505 /* Localizable.strings */; };
/* End PBXBuildFile section */

/* Begin PBXContainerItemProxy section */
		271C2E531B387CF2002E15CD /* PBXContainerItemProxy */ = {
			isa = PBXContainerItemProxy;
			containerPortal = 271C2E361B387CF1002E15CD /* Project object */;
			proxyType = 1;
			remoteGlobalIDString = 271C2E3D1B387CF2002E15CD;
			remoteInfo = Foodly;
		};
		271C2E5E1B387CF2002E15CD /* PBXContainerItemProxy */ = {
			isa = PBXContainerItemProxy;
			containerPortal = 271C2E361B387CF1002E15CD /* Project object */;
			proxyType = 1;
			remoteGlobalIDString = 271C2E3D1B387CF2002E15CD;
			remoteInfo = Foodly;
		};
/* End PBXContainerItemProxy section */

/* Begin PBXFileReference section */
		271C2E3E1B387CF2002E15CD /* Foodly.app */ = {isa = PBXFileReference; explicitFileType = wrapper.application; includeInIndex = 0; path = Foodly.app; sourceTree = BUILT_PRODUCTS_DIR; };
		271C2E411B387CF2002E15CD /* AppDelegate.swift */ = {isa = PBXFileReference; lastKnownFileType = sourcecode.swift; path = AppDelegate.swift; sourceTree = "<group>"; };
		271C2E461B387CF2002E15CD /* Base */ = {isa = PBXFileReference; lastKnownFileType = file.storyboard; name = Base; path = Base.lproj/Main.storyboard; sourceTree = "<group>"; };
		271C2E481B387CF2002E15CD /* Assets.xcassets */ = {isa = PBXFileReference; lastKnownFileType = folder.assetcatalog; path = Assets.xcassets; sourceTree = "<group>"; };
		271C2E4D1B387CF2002E15CD /* Info.plist */ = {isa = PBXFileReference; lastKnownFileType = text.plist.xml; path = Info.plist; sourceTree = "<group>"; };
		271C2E521B387CF2002E15CD /* FoodlyTests.xctest */ = {isa = PBXFileReference; explicitFileType = wrapper.cfbundle; includeInIndex = 0; path = FoodlyTests.xctest; sourceTree = BUILT_PRODUCTS_DIR; };
		271C2E561B387CF2002E15CD /* FoodlyTests.swift */ = {isa = PBXFileReference; lastKnownFileType = sourcecode.swift; path = FoodlyTests.swift; sourceTree = "<group>"; };
		271C2E581B387CF2002E15CD /* Info.plist */ = {isa = PBXFileReference; lastKnownFileType = text.plist.xml; path = Info.plist; sourceTree = "<group>"; };
		271C2E5D1B387CF2002E15CD /* FoodlyUITests.xctest */ = {isa = PBXFileReference; explicitFileType = wrapper.cfbundle; includeInIndex = 0; path = FoodlyUITests.xctest; sourceTree = BUILT_PRODUCTS_DIR; };
		271C2E611B387CF2002E15CD /* FoodlyUITests.swift */ = {isa = PBXFileReference; lastKnownFileType = sourcecode.swift; path = FoodlyUITests.swift; sourceTree = "<group>"; };
		271C2E631B387CF2002E15CD /* Info.plist */ = {isa = PBXFileReference; lastKnownFileType = text.plist.xml; path = Info.plist; sourceTree = "<group>"; };
		271C2E6F1B388EA0002E15CD /* ListViewController.swift */ = {isa = PBXFileReference; fileEncoding = 4; lastKnownFileType = sourcecode.swift; path = ListViewController.swift; sourceTree = "<group>"; };
		271C2E711B388ECB002E15CD /* RestaurantCell.swift */ = {isa = PBXFileReference; fileEncoding = 4; lastKnownFileType = sourcecode.swift; path = RestaurantCell.swift; sourceTree = "<group>"; };
		271C2E731B38A859002E15CD /* RestaurantViewController.swift */ = {isa = PBXFileReference; fileEncoding = 4; lastKnownFileType = sourcecode.swift; path = RestaurantViewController.swift; sourceTree = "<group>"; };
		272B25DC1B45D29100DA6445 /* Model.xcdatamodel */ = {isa = PBXFileReference; lastKnownFileType = wrapper.xcdatamodel; path = Model.xcdatamodel; sourceTree = "<group>"; };
		275DA3421B3EC9D500CEDE00 /* DishCell.swift */ = {isa = PBXFileReference; fileEncoding = 4; lastKnownFileType = sourcecode.swift; path = DishCell.swift; sourceTree = "<group>"; };
		27712CD91B3B4F1E0092CCBE /* FoodlyManager.swift */ = {isa = PBXFileReference; fileEncoding = 4; lastKnownFileType = sourcecode.swift; path = FoodlyManager.swift; sourceTree = "<group>"; };
		27723B741B3F170900810723 /* AddRestaurantViewController.swift */ = {isa = PBXFileReference; fileEncoding = 4; lastKnownFileType = sourcecode.swift; path = AddRestaurantViewController.swift; sourceTree = "<group>"; };
		27723B761B3F234200810723 /* AddDishViewController.swift */ = {isa = PBXFileReference; fileEncoding = 4; lastKnownFileType = sourcecode.swift; path = AddDishViewController.swift; sourceTree = "<group>"; };
		27ACD6D61B4EE26500645B32 /* Restaurant+CoreDataProperties.swift */ = {isa = PBXFileReference; fileEncoding = 4; lastKnownFileType = sourcecode.swift; path = "Restaurant+CoreDataProperties.swift"; sourceTree = "<group>"; };
		27ACD6D71B4EE26500645B32 /* Restaurant.swift */ = {isa = PBXFileReference; fileEncoding = 4; lastKnownFileType = sourcecode.swift; path = Restaurant.swift; sourceTree = "<group>"; };
		27ACD6D81B4EE26500645B32 /* Dish+CoreDataProperties.swift */ = {isa = PBXFileReference; fileEncoding = 4; lastKnownFileType = sourcecode.swift; path = "Dish+CoreDataProperties.swift"; sourceTree = "<group>"; };
		27ACD6D91B4EE26500645B32 /* Dish.swift */ = {isa = PBXFileReference; fileEncoding = 4; lastKnownFileType = sourcecode.swift; path = Dish.swift; sourceTree = "<group>"; };
		27ACD75A1B4EEC6300645B32 /* Foodly.entitlements */ = {isa = PBXFileReference; lastKnownFileType = text.xml; path = Foodly.entitlements; sourceTree = "<group>"; };
		27C376741B45CD9A004F8C6B /* ViewImageViewController.swift */ = {isa = PBXFileReference; fileEncoding = 4; lastKnownFileType = sourcecode.swift; path = ViewImageViewController.swift; sourceTree = "<group>"; };
		27E900291B425EBF003BE505 /* Base */ = {isa = PBXFileReference; lastKnownFileType = text.plist.strings; name = Base; path = Base.lproj/Localizable.strings; sourceTree = "<group>"; };
		27E9002B1B425ED4003BE505 /* es */ = {isa = PBXFileReference; lastKnownFileType = text.plist.strings; name = es; path = es.lproj/Localizable.strings; sourceTree = "<group>"; };
/* End PBXFileReference section */

/* Begin PBXFrameworksBuildPhase section */
		271C2E3B1B387CF2002E15CD /* Frameworks */ = {
			isa = PBXFrameworksBuildPhase;
			buildActionMask = 2147483647;
			files = (
			);
			runOnlyForDeploymentPostprocessing = 0;
		};
		271C2E4F1B387CF2002E15CD /* Frameworks */ = {
			isa = PBXFrameworksBuildPhase;
			buildActionMask = 2147483647;
			files = (
			);
			runOnlyForDeploymentPostprocessing = 0;
		};
		271C2E5A1B387CF2002E15CD /* Frameworks */ = {
			isa = PBXFrameworksBuildPhase;
			buildActionMask = 2147483647;
			files = (
			);
			runOnlyForDeploymentPostprocessing = 0;
		};
/* End PBXFrameworksBuildPhase section */

/* Begin PBXGroup section */
		271C2E351B387CF1002E15CD = {
			isa = PBXGroup;
			children = (
				271C2E401B387CF2002E15CD /* Foodly */,
				271C2E551B387CF2002E15CD /* FoodlyTests */,
				271C2E601B387CF2002E15CD /* FoodlyUITests */,
				271C2E3F1B387CF2002E15CD /* Products */,
			);
			sourceTree = "<group>";
		};
		271C2E3F1B387CF2002E15CD /* Products */ = {
			isa = PBXGroup;
			children = (
				271C2E3E1B387CF2002E15CD /* Foodly.app */,
				271C2E521B387CF2002E15CD /* FoodlyTests.xctest */,
				271C2E5D1B387CF2002E15CD /* FoodlyUITests.xctest */,
			);
			name = Products;
			sourceTree = "<group>";
		};
		271C2E401B387CF2002E15CD /* Foodly */ = {
			isa = PBXGroup;
			children = (
				27ACD75A1B4EEC6300645B32 /* Foodly.entitlements */,
				27712CD91B3B4F1E0092CCBE /* FoodlyManager.swift */,
				271C2E751B38A959002E15CD /* Model */,
				271C2E771B38A9A8002E15CD /* Controller */,
				271C2E761B38A961002E15CD /* View */,
				271C2E411B387CF2002E15CD /* AppDelegate.swift */,
				271C2E451B387CF2002E15CD /* Main.storyboard */,
				271C2E481B387CF2002E15CD /* Assets.xcassets */,
				271C2E4D1B387CF2002E15CD /* Info.plist */,
				27E9002A1B425EBF003BE505 /* Localizable.strings */,
				272B25DB1B45D29100DA6445 /* Model.xcdatamodeld */,
			);
			path = Foodly;
			sourceTree = "<group>";
		};
		271C2E551B387CF2002E15CD /* FoodlyTests */ = {
			isa = PBXGroup;
			children = (
				271C2E561B387CF2002E15CD /* FoodlyTests.swift */,
				271C2E581B387CF2002E15CD /* Info.plist */,
			);
			path = FoodlyTests;
			sourceTree = "<group>";
		};
		271C2E601B387CF2002E15CD /* FoodlyUITests */ = {
			isa = PBXGroup;
			children = (
				271C2E611B387CF2002E15CD /* FoodlyUITests.swift */,
				271C2E631B387CF2002E15CD /* Info.plist */,
			);
			path = FoodlyUITests;
			sourceTree = "<group>";
		};
		271C2E751B38A959002E15CD /* Model */ = {
			isa = PBXGroup;
			children = (
				27ACD6D61B4EE26500645B32 /* Restaurant+CoreDataProperties.swift */,
				27ACD6D71B4EE26500645B32 /* Restaurant.swift */,
				27ACD6D81B4EE26500645B32 /* Dish+CoreDataProperties.swift */,
				27ACD6D91B4EE26500645B32 /* Dish.swift */,
			);
			name = Model;
			sourceTree = "<group>";
		};
		271C2E761B38A961002E15CD /* View */ = {
			isa = PBXGroup;
			children = (
				271C2E711B388ECB002E15CD /* RestaurantCell.swift */,
				275DA3421B3EC9D500CEDE00 /* DishCell.swift */,
			);
			name = View;
			sourceTree = "<group>";
		};
		271C2E771B38A9A8002E15CD /* Controller */ = {
			isa = PBXGroup;
			children = (
				271C2E6F1B388EA0002E15CD /* ListViewController.swift */,
				271C2E731B38A859002E15CD /* RestaurantViewController.swift */,
				27723B741B3F170900810723 /* AddRestaurantViewController.swift */,
				27723B761B3F234200810723 /* AddDishViewController.swift */,
				27C376741B45CD9A004F8C6B /* ViewImageViewController.swift */,
			);
			name = Controller;
			sourceTree = "<group>";
		};
/* End PBXGroup section */

/* Begin PBXNativeTarget section */
		271C2E3D1B387CF2002E15CD /* Foodly */ = {
			isa = PBXNativeTarget;
			buildConfigurationList = 271C2E661B387CF2002E15CD /* Build configuration list for PBXNativeTarget "Foodly" */;
			buildPhases = (
				271C2E3A1B387CF2002E15CD /* Sources */,
				271C2E3B1B387CF2002E15CD /* Frameworks */,
				271C2E3C1B387CF2002E15CD /* Resources */,
			);
			buildRules = (
			);
			dependencies = (
			);
			name = Foodly;
			productName = Foodly;
			productReference = 271C2E3E1B387CF2002E15CD /* Foodly.app */;
			productType = "com.apple.product-type.application";
		};
		271C2E511B387CF2002E15CD /* FoodlyTests */ = {
			isa = PBXNativeTarget;
			buildConfigurationList = 271C2E691B387CF2002E15CD /* Build configuration list for PBXNativeTarget "FoodlyTests" */;
			buildPhases = (
				271C2E4E1B387CF2002E15CD /* Sources */,
				271C2E4F1B387CF2002E15CD /* Frameworks */,
				271C2E501B387CF2002E15CD /* Resources */,
			);
			buildRules = (
			);
			dependencies = (
				271C2E541B387CF2002E15CD /* PBXTargetDependency */,
			);
			name = FoodlyTests;
			productName = FoodlyTests;
			productReference = 271C2E521B387CF2002E15CD /* FoodlyTests.xctest */;
			productType = "com.apple.product-type.bundle.unit-test";
		};
		271C2E5C1B387CF2002E15CD /* FoodlyUITests */ = {
			isa = PBXNativeTarget;
			buildConfigurationList = 271C2E6C1B387CF2002E15CD /* Build configuration list for PBXNativeTarget "FoodlyUITests" */;
			buildPhases = (
				271C2E591B387CF2002E15CD /* Sources */,
				271C2E5A1B387CF2002E15CD /* Frameworks */,
				271C2E5B1B387CF2002E15CD /* Resources */,
			);
			buildRules = (
			);
			dependencies = (
				271C2E5F1B387CF2002E15CD /* PBXTargetDependency */,
			);
			name = FoodlyUITests;
			productName = FoodlyUITests;
			productReference = 271C2E5D1B387CF2002E15CD /* FoodlyUITests.xctest */;
			productType = "com.apple.product-type.bundle.ui-testing";
		};
/* End PBXNativeTarget section */

/* Begin PBXProject section */
		271C2E361B387CF1002E15CD /* Project object */ = {
			isa = PBXProject;
			attributes = {
				LastUpgradeCheck = 0700;
				ORGANIZATIONNAME = "Miguel Díaz Rubio";
				TargetAttributes = {
					271C2E3D1B387CF2002E15CD = {
						CreatedOnToolsVersion = 7.0;
						DevelopmentTeam = CKJPC95UYE;
						SystemCapabilities = {
							com.apple.iCloud = {
								enabled = 1;
							};
						};
					};
					271C2E511B387CF2002E15CD = {
						CreatedOnToolsVersion = 7.0;
						TestTargetID = 271C2E3D1B387CF2002E15CD;
					};
					271C2E5C1B387CF2002E15CD = {
						CreatedOnToolsVersion = 7.0;
						TestTargetID = 271C2E3D1B387CF2002E15CD;
					};
				};
			};
			buildConfigurationList = 271C2E391B387CF1002E15CD /* Build configuration list for PBXProject "Foodly" */;
			compatibilityVersion = "Xcode 3.2";
			developmentRegion = English;
			hasScannedForEncodings = 0;
			knownRegions = (
				en,
				Base,
				es,
			);
			mainGroup = 271C2E351B387CF1002E15CD;
			productRefGroup = 271C2E3F1B387CF2002E15CD /* Products */;
			projectDirPath = "";
			projectRoot = "";
			targets = (
				271C2E3D1B387CF2002E15CD /* Foodly */,
				271C2E511B387CF2002E15CD /* FoodlyTests */,
				271C2E5C1B387CF2002E15CD /* FoodlyUITests */,
			);
		};
/* End PBXProject section */

/* Begin PBXResourcesBuildPhase section */
		271C2E3C1B387CF2002E15CD /* Resources */ = {
			isa = PBXResourcesBuildPhase;
			buildActionMask = 2147483647;
			files = (
				271C2E491B387CF2002E15CD /* Assets.xcassets in Resources */,
				27E900281B425EBF003BE505 /* Localizable.strings in Resources */,
				271C2E471B387CF2002E15CD /* Main.storyboard in Resources */,
			);
			runOnlyForDeploymentPostprocessing = 0;
		};
		271C2E501B387CF2002E15CD /* Resources */ = {
			isa = PBXResourcesBuildPhase;
			buildActionMask = 2147483647;
			files = (
			);
			runOnlyForDeploymentPostprocessing = 0;
		};
		271C2E5B1B387CF2002E15CD /* Resources */ = {
			isa = PBXResourcesBuildPhase;
			buildActionMask = 2147483647;
			files = (
			);
			runOnlyForDeploymentPostprocessing = 0;
		};
/* End PBXResourcesBuildPhase section */

/* Begin PBXSourcesBuildPhase section */
		271C2E3A1B387CF2002E15CD /* Sources */ = {
			isa = PBXSourcesBuildPhase;
			buildActionMask = 2147483647;
			files = (
				271C2E721B388ECB002E15CD /* RestaurantCell.swift in Sources */,
				271C2E741B38A859002E15CD /* RestaurantViewController.swift in Sources */,
				27ACD6DC1B4EE26500645B32 /* Dish+CoreDataProperties.swift in Sources */,
				271C2E421B387CF2002E15CD /* AppDelegate.swift in Sources */,
				27ACD6DA1B4EE26500645B32 /* Restaurant+CoreDataProperties.swift in Sources */,
				27723B771B3F234200810723 /* AddDishViewController.swift in Sources */,
				27712CDA1B3B4F1E0092CCBE /* FoodlyManager.swift in Sources */,
				27723B751B3F170900810723 /* AddRestaurantViewController.swift in Sources */,
				27C376751B45CD9A004F8C6B /* ViewImageViewController.swift in Sources */,
				27ACD6DD1B4EE26500645B32 /* Dish.swift in Sources */,
				27ACD6DB1B4EE26500645B32 /* Restaurant.swift in Sources */,
				275DA3431B3EC9D500CEDE00 /* DishCell.swift in Sources */,
				271C2E701B388EA0002E15CD /* ListViewController.swift in Sources */,
				272B25DD1B45D29100DA6445 /* Model.xcdatamodeld in Sources */,
			);
			runOnlyForDeploymentPostprocessing = 0;
		};
		271C2E4E1B387CF2002E15CD /* Sources */ = {
			isa = PBXSourcesBuildPhase;
			buildActionMask = 2147483647;
			files = (
				271C2E571B387CF2002E15CD /* FoodlyTests.swift in Sources */,
			);
			runOnlyForDeploymentPostprocessing = 0;
		};
		271C2E591B387CF2002E15CD /* Sources */ = {
			isa = PBXSourcesBuildPhase;
			buildActionMask = 2147483647;
			files = (
				271C2E621B387CF2002E15CD /* FoodlyUITests.swift in Sources */,
			);
			runOnlyForDeploymentPostprocessing = 0;
		};
/* End PBXSourcesBuildPhase section */

/* Begin PBXTargetDependency section */
		271C2E541B387CF2002E15CD /* PBXTargetDependency */ = {
			isa = PBXTargetDependency;
			target = 271C2E3D1B387CF2002E15CD /* Foodly */;
			targetProxy = 271C2E531B387CF2002E15CD /* PBXContainerItemProxy */;
		};
		271C2E5F1B387CF2002E15CD /* PBXTargetDependency */ = {
			isa = PBXTargetDependency;
			target = 271C2E3D1B387CF2002E15CD /* Foodly */;
			targetProxy = 271C2E5E1B387CF2002E15CD /* PBXContainerItemProxy */;
		};
/* End PBXTargetDependency section */

/* Begin PBXVariantGroup section */
		271C2E451B387CF2002E15CD /* Main.storyboard */ = {
			isa = PBXVariantGroup;
			children = (
				271C2E461B387CF2002E15CD /* Base */,
			);
			name = Main.storyboard;
			sourceTree = "<group>";
		};
		27E9002A1B425EBF003BE505 /* Localizable.strings */ = {
			isa = PBXVariantGroup;
			children = (
				27E900291B425EBF003BE505 /* Base */,
				27E9002B1B425ED4003BE505 /* es */,
			);
			name = Localizable.strings;
			sourceTree = "<group>";
		};
/* End PBXVariantGroup section */

/* Begin XCBuildConfiguration section */
		271C2E641B387CF2002E15CD /* Debug */ = {
			isa = XCBuildConfiguration;
			buildSettings = {
				ALWAYS_SEARCH_USER_PATHS = NO;
				CLANG_CXX_LANGUAGE_STANDARD = "gnu++0x";
				CLANG_CXX_LIBRARY = "libc++";
				CLANG_ENABLE_MODULES = YES;
				CLANG_ENABLE_OBJC_ARC = YES;
				CLANG_WARN_BOOL_CONVERSION = YES;
				CLANG_WARN_CONSTANT_CONVERSION = YES;
				CLANG_WARN_DIRECT_OBJC_ISA_USAGE = YES_ERROR;
				CLANG_WARN_EMPTY_BODY = YES;
				CLANG_WARN_ENUM_CONVERSION = YES;
				CLANG_WARN_INT_CONVERSION = YES;
				CLANG_WARN_OBJC_ROOT_CLASS = YES_ERROR;
				CLANG_WARN_UNREACHABLE_CODE = YES;
				CLANG_WARN__DUPLICATE_METHOD_MATCH = YES;
				"CODE_SIGN_IDENTITY[sdk=iphoneos*]" = "iPhone Developer";
				COPY_PHASE_STRIP = NO;
				DEBUG_INFORMATION_FORMAT = dwarf;
				ENABLE_STRICT_OBJC_MSGSEND = YES;
				ENABLE_TESTABILITY = YES;
				GCC_C_LANGUAGE_STANDARD = gnu99;
				GCC_DYNAMIC_NO_PIC = NO;
				GCC_NO_COMMON_BLOCKS = YES;
				GCC_OPTIMIZATION_LEVEL = 0;
				GCC_PREPROCESSOR_DEFINITIONS = (
					"DEBUG=1",
					"$(inherited)",
				);
				GCC_WARN_64_TO_32_BIT_CONVERSION = YES;
				GCC_WARN_ABOUT_RETURN_TYPE = YES_ERROR;
				GCC_WARN_UNDECLARED_SELECTOR = YES;
				GCC_WARN_UNINITIALIZED_AUTOS = YES_AGGRESSIVE;
				GCC_WARN_UNUSED_FUNCTION = YES;
				GCC_WARN_UNUSED_VARIABLE = YES;
				IPHONEOS_DEPLOYMENT_TARGET = 8.4;
				MTL_ENABLE_DEBUG_INFO = YES;
				ONLY_ACTIVE_ARCH = YES;
				SDKROOT = iphoneos;
				SWIFT_OPTIMIZATION_LEVEL = "-Onone";
				TARGETED_DEVICE_FAMILY = "1,2";
			};
			name = Debug;
		};
		271C2E651B387CF2002E15CD /* Release */ = {
			isa = XCBuildConfiguration;
			buildSettings = {
				ALWAYS_SEARCH_USER_PATHS = NO;
				CLANG_CXX_LANGUAGE_STANDARD = "gnu++0x";
				CLANG_CXX_LIBRARY = "libc++";
				CLANG_ENABLE_MODULES = YES;
				CLANG_ENABLE_OBJC_ARC = YES;
				CLANG_WARN_BOOL_CONVERSION = YES;
				CLANG_WARN_CONSTANT_CONVERSION = YES;
				CLANG_WARN_DIRECT_OBJC_ISA_USAGE = YES_ERROR;
				CLANG_WARN_EMPTY_BODY = YES;
				CLANG_WARN_ENUM_CONVERSION = YES;
				CLANG_WARN_INT_CONVERSION = YES;
				CLANG_WARN_OBJC_ROOT_CLASS = YES_ERROR;
				CLANG_WARN_UNREACHABLE_CODE = YES;
				CLANG_WARN__DUPLICATE_METHOD_MATCH = YES;
				"CODE_SIGN_IDENTITY[sdk=iphoneos*]" = "iPhone Developer";
				COPY_PHASE_STRIP = NO;
				DEBUG_INFORMATION_FORMAT = "dwarf-with-dsym";
				ENABLE_NS_ASSERTIONS = NO;
				ENABLE_STRICT_OBJC_MSGSEND = YES;
				GCC_C_LANGUAGE_STANDARD = gnu99;
				GCC_NO_COMMON_BLOCKS = YES;
				GCC_WARN_64_TO_32_BIT_CONVERSION = YES;
				GCC_WARN_ABOUT_RETURN_TYPE = YES_ERROR;
				GCC_WARN_UNDECLARED_SELECTOR = YES;
				GCC_WARN_UNINITIALIZED_AUTOS = YES_AGGRESSIVE;
				GCC_WARN_UNUSED_FUNCTION = YES;
				GCC_WARN_UNUSED_VARIABLE = YES;
				IPHONEOS_DEPLOYMENT_TARGET = 8.4;
				MTL_ENABLE_DEBUG_INFO = NO;
				SDKROOT = iphoneos;
				TARGETED_DEVICE_FAMILY = "1,2";
				VALIDATE_PRODUCT = YES;
			};
			name = Release;
		};
		271C2E671B387CF2002E15CD /* Debug */ = {
			isa = XCBuildConfiguration;
			buildSettings = {
				ASSETCATALOG_COMPILER_APPICON_NAME = AppIcon;
				CODE_SIGN_ENTITLEMENTS = Foodly/Foodly.entitlements;
				CODE_SIGN_IDENTITY = "iPhone Developer";
				"CODE_SIGN_IDENTITY[sdk=iphoneos*]" = "iPhone Developer";
				INFOPLIST_FILE = Foodly/Info.plist;
				IPHONEOS_DEPLOYMENT_TARGET = 8.4;
				LD_RUNPATH_SEARCH_PATHS = "$(inherited) @executable_path/Frameworks";
				PRODUCT_BUNDLE_IDENTIFIER = com.migueldiazrubio.Foodly;
				PRODUCT_NAME = "$(TARGET_NAME)";
				PROVISIONING_PROFILE = "";
			};
			name = Debug;
		};
		271C2E681B387CF2002E15CD /* Release */ = {
			isa = XCBuildConfiguration;
			buildSettings = {
				ASSETCATALOG_COMPILER_APPICON_NAME = AppIcon;
				CODE_SIGN_ENTITLEMENTS = Foodly/Foodly.entitlements;
				CODE_SIGN_IDENTITY = "iPhone Developer";
				"CODE_SIGN_IDENTITY[sdk=iphoneos*]" = "iPhone Developer";
				INFOPLIST_FILE = Foodly/Info.plist;
				IPHONEOS_DEPLOYMENT_TARGET = 8.4;
				LD_RUNPATH_SEARCH_PATHS = "$(inherited) @executable_path/Frameworks";
				PRODUCT_BUNDLE_IDENTIFIER = com.migueldiazrubio.Foodly;
				PRODUCT_NAME = "$(TARGET_NAME)";
				PROVISIONING_PROFILE = "";
			};
			name = Release;
		};
		271C2E6A1B387CF2002E15CD /* Debug */ = {
			isa = XCBuildConfiguration;
			buildSettings = {
				BUNDLE_LOADER = "$(TEST_HOST)";
				INFOPLIST_FILE = FoodlyTests/Info.plist;
				LD_RUNPATH_SEARCH_PATHS = "$(inherited) @executable_path/Frameworks @loader_path/Frameworks";
				PRODUCT_BUNDLE_IDENTIFIER = com.migueldiazrubio.FoodlyTests;
				PRODUCT_NAME = "$(TARGET_NAME)";
				TEST_HOST = "$(BUILT_PRODUCTS_DIR)/Foodly.app/Foodly";
			};
			name = Debug;
		};
		271C2E6B1B387CF2002E15CD /* Release */ = {
			isa = XCBuildConfiguration;
			buildSettings = {
				BUNDLE_LOADER = "$(TEST_HOST)";
				INFOPLIST_FILE = FoodlyTests/Info.plist;
				LD_RUNPATH_SEARCH_PATHS = "$(inherited) @executable_path/Frameworks @loader_path/Frameworks";
				PRODUCT_BUNDLE_IDENTIFIER = com.migueldiazrubio.FoodlyTests;
				PRODUCT_NAME = "$(TARGET_NAME)";
				TEST_HOST = "$(BUILT_PRODUCTS_DIR)/Foodly.app/Foodly";
			};
			name = Release;
		};
		271C2E6D1B387CF2002E15CD /* Debug */ = {
			isa = XCBuildConfiguration;
			buildSettings = {
				INFOPLIST_FILE = FoodlyUITests/Info.plist;
				LD_RUNPATH_SEARCH_PATHS = "$(inherited) @executable_path/Frameworks @loader_path/Frameworks";
				PRODUCT_BUNDLE_IDENTIFIER = com.migueldiazrubio.FoodlyUITests;
				PRODUCT_NAME = "$(TARGET_NAME)";
				TEST_TARGET_NAME = Foodly;
				USES_XCTRUNNER = YES;
			};
			name = Debug;
		};
		271C2E6E1B387CF2002E15CD /* Release */ = {
			isa = XCBuildConfiguration;
			buildSettings = {
				INFOPLIST_FILE = FoodlyUITests/Info.plist;
				LD_RUNPATH_SEARCH_PATHS = "$(inherited) @executable_path/Frameworks @loader_path/Frameworks";
				PRODUCT_BUNDLE_IDENTIFIER = com.migueldiazrubio.FoodlyUITests;
				PRODUCT_NAME = "$(TARGET_NAME)";
				TEST_TARGET_NAME = Foodly;
				USES_XCTRUNNER = YES;
			};
			name = Release;
		};
/* End XCBuildConfiguration section */

/* Begin XCConfigurationList section */
		271C2E391B387CF1002E15CD /* Build configuration list for PBXProject "Foodly" */ = {
			isa = XCConfigurationList;
			buildConfigurations = (
				271C2E641B387CF2002E15CD /* Debug */,
				271C2E651B387CF2002E15CD /* Release */,
			);
			defaultConfigurationIsVisible = 0;
			defaultConfigurationName = Release;
		};
		271C2E661B387CF2002E15CD /* Build configuration list for PBXNativeTarget "Foodly" */ = {
			isa = XCConfigurationList;
			buildConfigurations = (
				271C2E671B387CF2002E15CD /* Debug */,
				271C2E681B387CF2002E15CD /* Release */,
			);
			defaultConfigurationIsVisible = 0;
			defaultConfigurationName = Release;
		};
		271C2E691B387CF2002E15CD /* Build configuration list for PBXNativeTarget "FoodlyTests" */ = {
			isa = XCConfigurationList;
			buildConfigurations = (
				271C2E6A1B387CF2002E15CD /* Debug */,
				271C2E6B1B387CF2002E15CD /* Release */,
			);
			defaultConfigurationIsVisible = 0;
			defaultConfigurationName = Release;
		};
		271C2E6C1B387CF2002E15CD /* Build configuration list for PBXNativeTarget "FoodlyUITests" */ = {
			isa = XCConfigurationList;
			buildConfigurations = (
				271C2E6D1B387CF2002E15CD /* Debug */,
				271C2E6E1B387CF2002E15CD /* Release */,
			);
			defaultConfigurationIsVisible = 0;
			defaultConfigurationName = Release;
		};
/* End XCConfigurationList section */

/* Begin XCVersionGroup section */
		272B25DB1B45D29100DA6445 /* Model.xcdatamodeld */ = {
			isa = XCVersionGroup;
			children = (
				272B25DC1B45D29100DA6445 /* Model.xcdatamodel */,
			);
			currentVersion = 272B25DC1B45D29100DA6445 /* Model.xcdatamodel */;
			path = Model.xcdatamodeld;
			sourceTree = "<group>";
			versionGroupType = wrapper.xcdatamodel;
		};
/* End XCVersionGroup section */
	};
	rootObject = 271C2E361B387CF1002E15CD /* Project object */;
}
